// !$*UTF8*$!
{
	archiveVersion = 1;
	classes = {
	};
	objectVersion = 50;
	objects = {

/* Begin PBXBuildFile section */
		055FFC94263CC2F100C104B8 /* FakeJsonApp.swift in Sources */ = {isa = PBXBuildFile; fileRef = 055FFC93263CC2F100C104B8 /* FakeJsonApp.swift */; };
		055FFC96263CC2F100C104B8 /* ContentView.swift in Sources */ = {isa = PBXBuildFile; fileRef = 055FFC95263CC2F100C104B8 /* ContentView.swift */; };
		055FFC98263CC2F800C104B8 /* Assets.xcassets in Resources */ = {isa = PBXBuildFile; fileRef = 055FFC97263CC2F800C104B8 /* Assets.xcassets */; };
		055FFC9B263CC2F800C104B8 /* Preview Assets.xcassets in Resources */ = {isa = PBXBuildFile; fileRef = 055FFC9A263CC2F800C104B8 /* Preview Assets.xcassets */; };
		055FFCA4263CC34C00C104B8 /* FakeJSON.json in Resources */ = {isa = PBXBuildFile; fileRef = 055FFCA3263CC34C00C104B8 /* FakeJSON.json */; };
		055FFCA7263CC39A00C104B8 /* Model.swift in Sources */ = {isa = PBXBuildFile; fileRef = 055FFCA6263CC39A00C104B8 /* Model.swift */; };
/* End PBXBuildFile section */

/* Begin PBXFileReference section */
		055FFC90263CC2F100C104B8 /* FakeJson.app */ = {isa = PBXFileReference; explicitFileType = wrapper.application; includeInIndex = 0; path = FakeJson.app; sourceTree = BUILT_PRODUCTS_DIR; };
		055FFC93263CC2F100C104B8 /* FakeJsonApp.swift */ = {isa = PBXFileReference; lastKnownFileType = sourcecode.swift; path = FakeJsonApp.swift; sourceTree = "<group>"; };
		055FFC95263CC2F100C104B8 /* ContentView.swift */ = {isa = PBXFileReference; lastKnownFileType = sourcecode.swift; path = ContentView.swift; sourceTree = "<group>"; };
		055FFC97263CC2F800C104B8 /* Assets.xcassets */ = {isa = PBXFileReference; lastKnownFileType = folder.assetcatalog; path = Assets.xcassets; sourceTree = "<group>"; };
		055FFC9A263CC2F800C104B8 /* Preview Assets.xcassets */ = {isa = PBXFileReference; lastKnownFileType = folder.assetcatalog; path = "Preview Assets.xcassets"; sourceTree = "<group>"; };
		055FFC9C263CC2F800C104B8 /* Info.plist */ = {isa = PBXFileReference; lastKnownFileType = text.plist.xml; path = Info.plist; sourceTree = "<group>"; };
		055FFCA3263CC34C00C104B8 /* FakeJSON.json */ = {isa = PBXFileReference; lastKnownFileType = text.json; path = FakeJSON.json; sourceTree = "<group>"; };
		055FFCA6263CC39A00C104B8 /* Model.swift */ = {isa = PBXFileReference; lastKnownFileType = sourcecode.swift; path = Model.swift; sourceTree = "<group>"; };
/* End PBXFileReference section */

/* Begin PBXFrameworksBuildPhase section */
		055FFC8D263CC2F100C104B8 /* Frameworks */ = {
			isa = PBXFrameworksBuildPhase;
			buildActionMask = 2147483647;
			files = (
			);
			runOnlyForDeploymentPostprocessing = 0;
		};
/* End PBXFrameworksBuildPhase section */

/* Begin PBXGroup section */
		055FFC87263CC2F000C104B8 = {
			isa = PBXGroup;
			children = (
				055FFC92263CC2F100C104B8 /* FakeJson */,
				055FFC91263CC2F100C104B8 /* Products */,
			);
			sourceTree = "<group>";
		};
		055FFC91263CC2F100C104B8 /* Products */ = {
			isa = PBXGroup;
			children = (
				055FFC90263CC2F100C104B8 /* FakeJson.app */,
			);
			name = Products;
			sourceTree = "<group>";
		};
		055FFC92263CC2F100C104B8 /* FakeJson */ = {
			isa = PBXGroup;
			children = (
				055FFC93263CC2F100C104B8 /* FakeJsonApp.swift */,
				055FFC95263CC2F100C104B8 /* ContentView.swift */,
				055FFCA3263CC34C00C104B8 /* FakeJSON.json */,
				055FFCA6263CC39A00C104B8 /* Model.swift */,
				055FFC97263CC2F800C104B8 /* Assets.xcassets */,
				055FFC9C263CC2F800C104B8 /* Info.plist */,
				055FFC99263CC2F800C104B8 /* Preview Content */,
			);
			path = FakeJson;
			sourceTree = "<group>";
		};
		055FFC99263CC2F800C104B8 /* Preview Content */ = {
			isa = PBXGroup;
			children = (
				055FFC9A263CC2F800C104B8 /* Preview Assets.xcassets */,
			);
			path = "Preview Content";
			sourceTree = "<group>";
		};
/* End PBXGroup section */

/* Begin PBXNativeTarget section */
		055FFC8F263CC2F100C104B8 /* FakeJson */ = {
			isa = PBXNativeTarget;
			buildConfigurationList = 055FFC9F263CC2F800C104B8 /* Build configuration list for PBXNativeTarget "FakeJson" */;
			buildPhases = (
				055FFC8C263CC2F100C104B8 /* Sources */,
				055FFC8D263CC2F100C104B8 /* Frameworks */,
				055FFC8E263CC2F100C104B8 /* Resources */,
			);
			buildRules = (
			);
			dependencies = (
			);
			name = FakeJson;
			productName = FakeJson;
			productReference = 055FFC90263CC2F100C104B8 /* FakeJson.app */;
			productType = "com.apple.product-type.application";
		};
/* End PBXNativeTarget section */

/* Begin PBXProject section */
		055FFC88263CC2F000C104B8 /* Project object */ = {
			isa = PBXProject;
			attributes = {
				LastSwiftUpdateCheck = 1230;
				LastUpgradeCheck = 1230;
				TargetAttributes = {
					055FFC8F263CC2F100C104B8 = {
						CreatedOnToolsVersion = 12.3;
					};
				};
			};
			buildConfigurationList = 055FFC8B263CC2F000C104B8 /* Build configuration list for PBXProject "FakeJson" */;
			compatibilityVersion = "Xcode 9.3";
			developmentRegion = en;
			hasScannedForEncodings = 0;
			knownRegions = (
				en,
				Base,
			);
			mainGroup = 055FFC87263CC2F000C104B8;
			productRefGroup = 055FFC91263CC2F100C104B8 /* Products */;
			projectDirPath = "";
			projectRoot = "";
			targets = (
				055FFC8F263CC2F100C104B8 /* FakeJson */,
			);
		};
/* End PBXProject section */

/* Begin PBXResourcesBuildPhase section */
		055FFC8E263CC2F100C104B8 /* Resources */ = {
			isa = PBXResourcesBuildPhase;
			buildActionMask = 2147483647;
			files = (
				055FFCA4263CC34C00C104B8 /* FakeJSON.json in Resources */,
				055FFC9B263CC2F800C104B8 /* Preview Assets.xcassets in Resources */,
				055FFC98263CC2F800C104B8 /* Assets.xcassets in Resources */,
			);
			runOnlyForDeploymentPostprocessing = 0;
		};
/* End PBXResourcesBuildPhase section */

/* Begin PBXSourcesBuildPhase section */
		055FFC8C263CC2F100C104B8 /* Sources */ = {
			isa = PBXSourcesBuildPhase;
			buildActionMask = 2147483647;
			files = (
				055FFCA7263CC39A00C104B8 /* Model.swift in Sources */,
				055FFC96263CC2F100C104B8 /* ContentView.swift in Sources */,
				055FFC94263CC2F100C104B8 /* FakeJsonApp.swift in Sources */,
			);
			runOnlyForDeploymentPostprocessing = 0;
		};
/* End PBXSourcesBuildPhase section */

/* Begin XCBuildConfiguration section */
		055FFC9D263CC2F800C104B8 /* Debug */ = {
			isa = XCBuildConfiguration;
			buildSettings = {
				ALWAYS_SEARCH_USER_PATHS = NO;
				CLANG_ANALYZER_NONNULL = YES;
				CLANG_ANALYZER_NUMBER_OBJECT_CONVERSION = YES_AGGRESSIVE;
				CLANG_CXX_LANGUAGE_STANDARD = "gnu++14";
				CLANG_CXX_LIBRARY = "libc++";
				CLANG_ENABLE_MODULES = YES;
				CLANG_ENABLE_OBJC_ARC = YES;
				CLANG_ENABLE_OBJC_WEAK = YES;
				CLANG_WARN_BLOCK_CAPTURE_AUTORELEASING = YES;
				CLANG_WARN_BOOL_CONVERSION = YES;
				CLANG_WARN_COMMA = YES;
				CLANG_WARN_CONSTANT_CONVERSION = YES;
				CLANG_WARN_DEPRECATED_OBJC_IMPLEMENTATIONS = YES;
				CLANG_WARN_DIRECT_OBJC_ISA_USAGE = YES_ERROR;
				CLANG_WARN_DOCUMENTATION_COMMENTS = YES;
				CLANG_WARN_EMPTY_BODY = YES;
				CLANG_WARN_ENUM_CONVERSION = YES;
				CLANG_WARN_INFINITE_RECURSION = YES;
				CLANG_WARN_INT_CONVERSION = YES;
				CLANG_WARN_NON_LITERAL_NULL_CONVERSION = YES;
				CLANG_WARN_OBJC_IMPLICIT_RETAIN_SELF = YES;
				CLANG_WARN_OBJC_LITERAL_CONVERSION = YES;
				CLANG_WARN_OBJC_ROOT_CLASS = YES_ERROR;
				CLANG_WARN_QUOTED_INCLUDE_IN_FRAMEWORK_HEADER = YES;
				CLANG_WARN_RANGE_LOOP_ANALYSIS = YES;
				CLANG_WARN_STRICT_PROTOTYPES = YES;
				CLANG_WARN_SUSPICIOUS_MOVE = YES;
				CLANG_WARN_UNGUARDED_AVAILABILITY = YES_AGGRESSIVE;
				CLANG_WARN_UNREACHABLE_CODE = YES;
				CLANG_WARN__DUPLICATE_METHOD_MATCH = YES;
				COPY_PHASE_STRIP = NO;
				DEBUG_INFORMATION_FORMAT = dwarf;
				ENABLE_STRICT_OBJC_MSGSEND = YES;
				ENABLE_TESTABILITY = YES;
				GCC_C_LANGUAGE_STANDARD = gnu11;
				GCC_DYNAMIC_NO_PIC = NO;
				GCC_NO_COMMON_BLOCKS = YES;
				GCC_OPTIMIZATION_LEVEL = 0;
				GCC_PREPROCESSOR_DEFINITIONS = (
					"DEBUG=1",
					"$(inherited)",
				);
				GCC_WARN_64_TO_32_BIT_CONVERSION = YES;
				GCC_WARN_ABOUT_RETURN_TYPE = YES_ERROR;
				GCC_WARN_UNDECLARED_SELECTOR = YES;
				GCC_WARN_UNINITIALIZED_AUTOS = YES_AGGRESSIVE;
				GCC_WARN_UNUSED_FUNCTION = YES;
				GCC_WARN_UNUSED_VARIABLE = YES;
				IPHONEOS_DEPLOYMENT_TARGET = 14.3;
				MTL_ENABLE_DEBUG_INFO = INCLUDE_SOURCE;
				MTL_FAST_MATH = YES;
				ONLY_ACTIVE_ARCH = YES;
				SDKROOT = iphoneos;
				SWIFT_ACTIVE_COMPILATION_CONDITIONS = DEBUG;
				SWIFT_OPTIMIZATION_LEVEL = "-Onone";
			};
			name = Debug;
		};
		055FFC9E263CC2F800C104B8 /* Release */ = {
			isa = XCBuildConfiguration;
			buildSettings = {
				ALWAYS_SEARCH_USER_PATHS = NO;
				CLANG_ANALYZER_NONNULL = YES;
				CLANG_ANALYZER_NUMBER_OBJECT_CONVERSION = YES_AGGRESSIVE;
				CLANG_CXX_LANGUAGE_STANDARD = "gnu++14";
				CLANG_CXX_LIBRARY = "libc++";
				CLANG_ENABLE_MODULES = YES;
				CLANG_ENABLE_OBJC_ARC = YES;
				CLANG_ENABLE_OBJC_WEAK = YES;
				CLANG_WARN_BLOCK_CAPTURE_AUTORELEASING = YES;
				CLANG_WARN_BOOL_CONVERSION = YES;
				CLANG_WARN_COMMA = YES;
				CLANG_WARN_CONSTANT_CONVERSION = YES;
				CLANG_WARN_DEPRECATED_OBJC_IMPLEMENTATIONS = YES;
				CLANG_WARN_DIRECT_OBJC_ISA_USAGE = YES_ERROR;
				CLANG_WARN_DOCUMENTATION_COMMENTS = YES;
				CLANG_WARN_EMPTY_BODY = YES;
				CLANG_WARN_ENUM_CONVERSION = YES;
				CLANG_WARN_INFINITE_RECURSION = YES;
				CLANG_WARN_INT_CONVERSION = YES;
				CLANG_WARN_NON_LITERAL_NULL_CONVERSION = YES;
				CLANG_WARN_OBJC_IMPLICIT_RETAIN_SELF = YES;
				CLANG_WARN_OBJC_LITERAL_CONVERSION = YES;
				CLANG_WARN_OBJC_ROOT_CLASS = YES_ERROR;
				CLANG_WARN_QUOTED_INCLUDE_IN_FRAMEWORK_HEADER = YES;
				CLANG_WARN_RANGE_LOOP_ANALYSIS = YES;
				CLANG_WARN_STRICT_PROTOTYPES = YES;
				CLANG_WARN_SUSPICIOUS_MOVE = YES;
				CLANG_WARN_UNGUARDED_AVAILABILITY = YES_AGGRESSIVE;
				CLANG_WARN_UNREACHABLE_CODE = YES;
				CLANG_WARN__DUPLICATE_METHOD_MATCH = YES;
				COPY_PHASE_STRIP = NO;
				DEBUG_INFORMATION_FORMAT = "dwarf-with-dsym";
				ENABLE_NS_ASSERTIONS = NO;
				ENABLE_STRICT_OBJC_MSGSEND = YES;
				GCC_C_LANGUAGE_STANDARD = gnu11;
				GCC_NO_COMMON_BLOCKS = YES;
				GCC_WARN_64_TO_32_BIT_CONVERSION = YES;
				GCC_WARN_ABOUT_RETURN_TYPE = YES_ERROR;
				GCC_WARN_UNDECLARED_SELECTOR = YES;
				GCC_WARN_UNINITIALIZED_AUTOS = YES_AGGRESSIVE;
				GCC_WARN_UNUSED_FUNCTION = YES;
				GCC_WARN_UNUSED_VARIABLE = YES;
				IPHONEOS_DEPLOYMENT_TARGET = 14.3;
				MTL_ENABLE_DEBUG_INFO = NO;
				MTL_FAST_MATH = YES;
				SDKROOT = iphoneos;
				SWIFT_COMPILATION_MODE = wholemodule;
				SWIFT_OPTIMIZATION_LEVEL = "-O";
				VALIDATE_PRODUCT = YES;
			};
			name = Release;
		};
		055FFCA0263CC2F800C104B8 /* Debug */ = {
			isa = XCBuildConfiguration;
			buildSettings = {
				ASSETCATALOG_COMPILER_APPICON_NAME = AppIcon;
				ASSETCATALOG_COMPILER_GLOBAL_ACCENT_COLOR_NAME = AccentColor;
				CODE_SIGN_STYLE = Automatic;
				DEVELOPMENT_ASSET_PATHS = "\"FakeJson/Preview Content\"";
				DEVELOPMENT_TEAM = JGX8KL9J9F;
				ENABLE_PREVIEWS = YES;
				INFOPLIST_FILE = FakeJson/Info.plist;
				IPHONEOS_DEPLOYMENT_TARGET = 14.0;
				LD_RUNPATH_SEARCH_PATHS = (
					"$(inherited)",
					"@executable_path/Frameworks",
				);
				PRODUCT_BUNDLE_IDENTIFIER = com.eugeneiosDev.FakeJson;
				PRODUCT_NAME = "$(TARGET_NAME)";
				SWIFT_VERSION = 5.0;
				TARGETED_DEVICE_FAMILY = "1,2";
			};
			name = Debug;
		};
		055FFCA1263CC2F800C104B8 /* Release */ = {
			isa = XCBuildConfiguration;
			buildSettings = {
				ASSETCATALOG_COMPILER_APPICON_NAME = AppIcon;
				ASSETCATALOG_COMPILER_GLOBAL_ACCENT_COLOR_NAME = AccentColor;
				CODE_SIGN_STYLE = Automatic;
				DEVELOPMENT_ASSET_PATHS = "\"FakeJson/Preview Content\"";
				DEVELOPMENT_TEAM = JGX8KL9J9F;
				ENABLE_PREVIEWS = YES;
				INFOPLIST_FILE = FakeJson/Info.plist;
				IPHONEOS_DEPLOYMENT_TARGET = 14.0;
				LD_RUNPATH_SEARCH_PATHS = (
					"$(inherited)",
					"@executable_path/Frameworks",
				);
				PRODUCT_BUNDLE_IDENTIFIER = com.eugeneiosDev.FakeJson;
				PRODUCT_NAME = "$(TARGET_NAME)";
				SWIFT_VERSION = 5.0;
				TARGETED_DEVICE_FAMILY = "1,2";
			};
			name = Release;
		};
/* End XCBuildConfiguration section */

/* Begin XCConfigurationList section */
		055FFC8B263CC2F000C104B8 /* Build configuration list for PBXProject "FakeJson" */ = {
			isa = XCConfigurationList;
			buildConfigurations = (
				055FFC9D263CC2F800C104B8 /* Debug */,
				055FFC9E263CC2F800C104B8 /* Release */,
			);
			defaultConfigurationIsVisible = 0;
			defaultConfigurationName = Release;
		};
		055FFC9F263CC2F800C104B8 /* Build configuration list for PBXNativeTarget "FakeJson" */ = {
			isa = XCConfigurationList;
			buildConfigurations = (
				055FFCA0263CC2F800C104B8 /* Debug */,
				055FFCA1263CC2F800C104B8 /* Release */,
			);
			defaultConfigurationIsVisible = 0;
			defaultConfigurationName = Release;
		};
/* End XCConfigurationList section */
	};
	rootObject = 055FFC88263CC2F000C104B8 /* Project object */;
}
